
Microsoft Visual Studio Solution File, Format Version 12.00
# Visual Studio Version 17
VisualStudioVersion = 17.4.33205.214
MinimumVisualStudioVersion = 10.0.40219.1
Project("{FAE04EC0-301F-11D3-BF4B-00C04F79EFBC}") = "AddressClass", "AddressClass\AddressClass.csproj", "{87F232E7-635C-4783-A784-D7DA34AB1923}"
EndProject
Project("{FAE04EC0-301F-11D3-BF4B-00C04F79EFBC}") = "KittenClass", "KittenClass\KittenClass.csproj", "{7B4D0581-4ABC-43B9-8964-5D006FC9BA4B}"
EndProject
Project("{FAE04EC0-301F-11D3-BF4B-00C04F79EFBC}") = "BankAccount", "BankAccount\BankAccount.csproj", "{B39C46A3-27A8-4FEF-900D-1A5A1D697101}"
EndProject
Project("{FAE04EC0-301F-11D3-BF4B-00C04F79EFBC}") = "TriangleClass", "TriangleClass\TriangleClass.csproj", "{B50B56A6-ADE0-49B0-8DE7-F1D42A8D98DE}"
EndProject
Project("{FAE04EC0-301F-11D3-BF4B-00C04F79EFBC}") = "PointShapeClass", "PointShapeClass\PointShapeClass.csproj", "{9EA31D83-0D4A-43C3-A257-F35B67EEED7B}"
EndProject
Global
	GlobalSection(SolutionConfigurationPlatforms) = preSolution
		Debug|Any CPU = Debug|Any CPU
		Release|Any CPU = Release|Any CPU
	EndGlobalSection
	GlobalSection(ProjectConfigurationPlatforms) = postSolution
		{87F232E7-635C-4783-A784-D7DA34AB1923}.Debug|Any CPU.ActiveCfg = Debug|Any CPU
		{87F232E7-635C-4783-A784-D7DA34AB1923}.Debug|Any CPU.Build.0 = Debug|Any CPU
		{87F232E7-635C-4783-A784-D7DA34AB1923}.Release|Any CPU.ActiveCfg = Release|Any CPU
		{87F232E7-635C-4783-A784-D7DA34AB1923}.Release|Any CPU.Build.0 = Release|Any CPU
		{7B4D0581-4ABC-43B9-8964-5D006FC9BA4B}.Debug|Any CPU.ActiveCfg = Debug|Any CPU
		{7B4D0581-4ABC-43B9-8964-5D006FC9BA4B}.Debug|Any CPU.Build.0 = Debug|Any CPU
		{7B4D0581-4ABC-43B9-8964-5D006FC9BA4B}.Release|Any CPU.ActiveCfg = Release|Any CPU
		{7B4D0581-4ABC-43B9-8964-5D006FC9BA4B}.Release|Any CPU.Build.0 = Release|Any CPU
		{B39C46A3-27A8-4FEF-900D-1A5A1D697101}.Debug|Any CPU.ActiveCfg = Debug|Any CPU
		{B39C46A3-27A8-4FEF-900D-1A5A1D697101}.Debug|Any CPU.Build.0 = Debug|Any CPU
		{B39C46A3-27A8-4FEF-900D-1A5A1D697101}.Release|Any CPU.ActiveCfg = Release|Any CPU
		{B39C46A3-27A8-4FEF-900D-1A5A1D697101}.Release|Any CPU.Build.0 = Release|Any CPU
		{B50B56A6-ADE0-49B0-8DE7-F1D42A8D98DE}.Debug|Any CPU.ActiveCfg = Debug|Any CPU
		{B50B56A6-ADE0-49B0-8DE7-F1D42A8D98DE}.Debug|Any CPU.Build.0 = Debug|Any CPU
		{B50B56A6-ADE0-49B0-8DE7-F1D42A8D98DE}.Release|Any CPU.ActiveCfg = Release|Any CPU
		{B50B56A6-ADE0-49B0-8DE7-F1D42A8D98DE}.Release|Any CPU.Build.0 = Release|Any CPU
		{9EA31D83-0D4A-43C3-A257-F35B67EEED7B}.Debug|Any CPU.ActiveCfg = Debug|Any CPU
		{9EA31D83-0D4A-43C3-A257-F35B67EEED7B}.Debug|Any CPU.Build.0 = Debug|Any CPU
		{9EA31D83-0D4A-43C3-A257-F35B67EEED7B}.Release|Any CPU.ActiveCfg = Release|Any CPU
		{9EA31D83-0D4A-43C3-A257-F35B67EEED7B}.Release|Any CPU.Build.0 = Release|Any CPU
	EndGlobalSection
	GlobalSection(SolutionProperties) = preSolution
		HideSolutionNode = FALSE
	EndGlobalSection
	GlobalSection(ExtensibilityGlobals) = postSolution
		SolutionGuid = {A5F22043-BDE3-4D62-BAAC-0723F9D2A891}
	EndGlobalSection
EndGlobal
